
Microsoft Visual Studio Solution File, Format Version 12.00
# Visual Studio Version 17
VisualStudioVersion = 17.1.32319.34
MinimumVisualStudioVersion = 10.0.40219.1
Project("{9A19103F-16F7-4668-BE54-9A1E7A4F7556}") = "Task1Anagram", "Task1Anagram\Task1Anagram.csproj", "{FD00EEB3-7A64-4055-BBB1-DC8A741FCF29}"
EndProject
Project("{9A19103F-16F7-4668-BE54-9A1E7A4F7556}") = "Task2IPFilter", "Task2IPFilter\Task2IPFilter.csproj", "{C8460270-3951-41D5-B3BC-7356D169DCC0}"
EndProject
Project("{FAE04EC0-301F-11D3-BF4B-00C04F79EFBC}") = "Task3DataImport", "Task3DataImport\Task3DataImport.csproj", "{842D4237-1DED-4F8B-95FB-3E21A8CAD6C6}"
EndProject
Project("{FAE04EC0-301F-11D3-BF4B-00C04F79EFBC}") = "Task4FizzBuzz", "Task4FizzBuzz\Task4FizzBuzz.csproj", "{891EC7CC-F063-424C-96F0-1D0C440F744D}"
EndProject
Global
	GlobalSection(SolutionConfigurationPlatforms) = preSolution
		Debug|Any CPU = Debug|Any CPU
		Release|Any CPU = Release|Any CPU
	EndGlobalSection
	GlobalSection(ProjectConfigurationPlatforms) = postSolution
		{FD00EEB3-7A64-4055-BBB1-DC8A741FCF29}.Debug|Any CPU.ActiveCfg = Debug|Any CPU
		{FD00EEB3-7A64-4055-BBB1-DC8A741FCF29}.Debug|Any CPU.Build.0 = Debug|Any CPU
		{FD00EEB3-7A64-4055-BBB1-DC8A741FCF29}.Release|Any CPU.ActiveCfg = Release|Any CPU
		{FD00EEB3-7A64-4055-BBB1-DC8A741FCF29}.Release|Any CPU.Build.0 = Release|Any CPU
		{C8460270-3951-41D5-B3BC-7356D169DCC0}.Debug|Any CPU.ActiveCfg = Debug|Any CPU
		{C8460270-3951-41D5-B3BC-7356D169DCC0}.Debug|Any CPU.Build.0 = Debug|Any CPU
		{C8460270-3951-41D5-B3BC-7356D169DCC0}.Release|Any CPU.ActiveCfg = Release|Any CPU
		{C8460270-3951-41D5-B3BC-7356D169DCC0}.Release|Any CPU.Build.0 = Release|Any CPU
		{842D4237-1DED-4F8B-95FB-3E21A8CAD6C6}.Debug|Any CPU.ActiveCfg = Debug|Any CPU
		{842D4237-1DED-4F8B-95FB-3E21A8CAD6C6}.Debug|Any CPU.Build.0 = Debug|Any CPU
		{842D4237-1DED-4F8B-95FB-3E21A8CAD6C6}.Release|Any CPU.ActiveCfg = Release|Any CPU
		{842D4237-1DED-4F8B-95FB-3E21A8CAD6C6}.Release|Any CPU.Build.0 = Release|Any CPU
		{891EC7CC-F063-424C-96F0-1D0C440F744D}.Debug|Any CPU.ActiveCfg = Debug|Any CPU
		{891EC7CC-F063-424C-96F0-1D0C440F744D}.Debug|Any CPU.Build.0 = Debug|Any CPU
		{891EC7CC-F063-424C-96F0-1D0C440F744D}.Release|Any CPU.ActiveCfg = Release|Any CPU
		{891EC7CC-F063-424C-96F0-1D0C440F744D}.Release|Any CPU.Build.0 = Release|Any CPU
	EndGlobalSection
	GlobalSection(SolutionProperties) = preSolution
		HideSolutionNode = FALSE
	EndGlobalSection
	GlobalSection(ExtensibilityGlobals) = postSolution
		SolutionGuid = {EE899564-B9D4-43F5-A1BA-5FA3F55B09D8}
	EndGlobalSection
EndGlobal
